
Microsoft Visual Studio Solution File, Format Version 12.00
# Visual Studio Version 17
VisualStudioVersion = 17.0.31919.166
MinimumVisualStudioVersion = 10.0.40219.1
Project("{FAE04EC0-301F-11D3-BF4B-00C04F79EFBC}") = "PassiveResearch", "PassiveResearch\PassiveResearch.csproj", "{F10E3774-5428-4D1E-998F-F1D39DF30A07}"
EndProject
Global
	GlobalSection(SolutionConfigurationPlatforms) = preSolution
		1.5|Any CPU = 1.5|Any CPU
		Debug|Any CPU = Debug|Any CPU
		Release|Any CPU = Release|Any CPU
	EndGlobalSection
	GlobalSection(ProjectConfigurationPlatforms) = postSolution
		{F10E3774-5428-4D1E-998F-F1D39DF30A07}.1.5|Any CPU.ActiveCfg = 1.5|Any CPU
		{F10E3774-5428-4D1E-998F-F1D39DF30A07}.1.5|Any CPU.Build.0 = 1.5|Any CPU
		{F10E3774-5428-4D1E-998F-F1D39DF30A07}.Debug|Any CPU.ActiveCfg = Debug|Any CPU
		{F10E3774-5428-4D1E-998F-F1D39DF30A07}.Debug|Any CPU.Build.0 = Debug|Any CPU
		{F10E3774-5428-4D1E-998F-F1D39DF30A07}.Release|Any CPU.ActiveCfg = Release|Any CPU
		{F10E3774-5428-4D1E-998F-F1D39DF30A07}.Release|Any CPU.Build.0 = Release|Any CPU
	EndGlobalSection
	GlobalSection(SolutionProperties) = preSolution
		HideSolutionNode = FALSE
	EndGlobalSection
	GlobalSection(ExtensibilityGlobals) = postSolution
		SolutionGuid = {6B77A3B1-7FE5-4EC7-8A01-EBFD2EBC0776}
	EndGlobalSection
EndGlobal
